// !$*UTF8*$!
{
	archiveVersion = 1;
	classes = {
	};
	objectVersion = 56;
	objects = {

/* Begin PBXBuildFile section */
		1A0000000000000000000001 /* TrackrApp.swift in Sources */ = {isa = PBXBuildFile; fileRef = 1A0000000000000000000002 /* TrackrApp.swift */; };
		1A0000000000000000000003 /* ContentView.swift in Sources */ = {isa = PBXBuildFile; fileRef = 1A0000000000000000000004 /* ContentView.swift */; };
		1A0000000000000000000005 /* GoalListView.swift in Sources */ = {isa = PBXBuildFile; fileRef = 1A0000000000000000000006 /* GoalListView.swift */; };
		1A0000000000000000000007 /* GoalDetailView.swift in Sources */ = {isa = PBXBuildFile; fileRef = 1A0000000000000000000008 /* GoalDetailView.swift */; };
		1A0000000000000000000009 /* AddGoalView.swift in Sources */ = {isa = PBXBuildFile; fileRef = 1A000000000000000000000A /* AddGoalView.swift */; };
		1A000000000000000000000B /* Goal.swift in Sources */ = {isa = PBXBuildFile; fileRef = 1A000000000000000000000C /* Goal.swift */; };
		1A000000000000000000000D /* User.swift in Sources */ = {isa = PBXBuildFile; fileRef = 1A000000000000000000000E /* User.swift */; };
		1A000000000000000000000F /* GoalStore.swift in Sources */ = {isa = PBXBuildFile; fileRef = 1A0000000000000000000010 /* GoalStore.swift */; };
		1A0000000000000000000011 /* VintageColors.swift in Sources */ = {isa = PBXBuildFile; fileRef = 1A0000000000000000000012 /* VintageColors.swift */; };
		1A0000000000000000000013 /* VintageStyle.swift in Sources */ = {isa = PBXBuildFile; fileRef = 1A0000000000000000000014 /* VintageStyle.swift */; };
		1A000000000000000000002A /* Analytics.swift in Sources */ = {isa = PBXBuildFile; fileRef = 1A000000000000000000002B /* Analytics.swift */; };
		1A000000000000000000002C /* Leaderboard.swift in Sources */ = {isa = PBXBuildFile; fileRef = 1A000000000000000000002D /* Leaderboard.swift */; };
		1A000000000000000000002E /* DashboardView.swift in Sources */ = {isa = PBXBuildFile; fileRef = 1A000000000000000000002F /* DashboardView.swift */; };
		1A0000000000000000000030 /* LeaderboardView.swift in Sources */ = {isa = PBXBuildFile; fileRef = 1A0000000000000000000031 /* LeaderboardView.swift */; };
		1A0000000000000000000032 /* MainTabView.swift in Sources */ = {isa = PBXBuildFile; fileRef = 1A0000000000000000000033 /* MainTabView.swift */; };
		1A0000000000000000000034 /* AnimatedGoalCard.swift in Sources */ = {isa = PBXBuildFile; fileRef = 1A0000000000000000000035 /* AnimatedGoalCard.swift */; };
		1A0000000000000000000036 /* OnboardingView.swift in Sources */ = {isa = PBXBuildFile; fileRef = 1A0000000000000000000037 /* OnboardingView.swift */; };
		1A0000000000000000000038 /* ProfileView.swift in Sources */ = {isa = PBXBuildFile; fileRef = 1A0000000000000000000039 /* ProfileView.swift */; };
		1A000000000000000000003A /* HomeView.swift in Sources */ = {isa = PBXBuildFile; fileRef = 1A000000000000000000003B /* HomeView.swift */; };
		1A000000000000000000003C /* FeedPost.swift in Sources */ = {isa = PBXBuildFile; fileRef = 1A000000000000000000003D /* FeedPost.swift */; };
		1A000000000000000000003E /* HapticManager.swift in Sources */ = {isa = PBXBuildFile; fileRef = 1A000000000000000000003F /* HapticManager.swift */; };
		1A0000000000000000000040 /* HomeViewModel.swift in Sources */ = {isa = PBXBuildFile; fileRef = 1A0000000000000000000041 /* HomeViewModel.swift */; };
		1A0000000000000000000042 /* GoalsViewModel.swift in Sources */ = {isa = PBXBuildFile; fileRef = 1A0000000000000000000043 /* GoalsViewModel.swift */; };
		1A0000000000000000000044 /* DashboardViewModel.swift in Sources */ = {isa = PBXBuildFile; fileRef = 1A0000000000000000000045 /* DashboardViewModel.swift */; };
		1A0000000000000000000046 /* LeaderboardViewModel.swift in Sources */ = {isa = PBXBuildFile; fileRef = 1A0000000000000000000047 /* LeaderboardViewModel.swift */; };
		1A0000000000000000000052 /* Post.swift in Sources */ = {isa = PBXBuildFile; fileRef = 1A0000000000000000000053 /* Post.swift */; };
		1A000000000000000000004A /* HomeFeedViewModel.swift in Sources */ = {isa = PBXBuildFile; fileRef = 1A000000000000000000004B /* HomeFeedViewModel.swift */; };
		1A000000000000000000004C /* CreatePostView.swift in Sources */ = {isa = PBXBuildFile; fileRef = 1A000000000000000000004D /* CreatePostView.swift */; };
		1A000000000000000000004E /* HomeFeedView.swift in Sources */ = {isa = PBXBuildFile; fileRef = 1A000000000000000000004F /* HomeFeedView.swift */; };
		1A0000000000000000000050 /* SettingsView.swift in Sources */ = {isa = PBXBuildFile; fileRef = 1A0000000000000000000051 /* SettingsView.swift */; };
		1A0000000000000000000056 /* Comment.swift in Sources */ = {isa = PBXBuildFile; fileRef = 1A0000000000000000000057 /* Comment.swift */; };
		1A0000000000000000000058 /* FeedPostCardView.swift in Sources */ = {isa = PBXBuildFile; fileRef = 1A0000000000000000000059 /* FeedPostCardView.swift */; };
		1A000000000000000000005A /* SearchView.swift in Sources */ = {isa = PBXBuildFile; fileRef = 1A000000000000000000005B /* SearchView.swift */; };
		1A000000000000000000005C /* LandingView.swift in Sources */ = {isa = PBXBuildFile; fileRef = 1A000000000000000000005D /* LandingView.swift */; };
		1A000000000000000000005E /* SignUpView.swift in Sources */ = {isa = PBXBuildFile; fileRef = 1A000000000000000000005F /* SignUpView.swift */; };
		1A0000000000000000000060 /* LoginView.swift in Sources */ = {isa = PBXBuildFile; fileRef = 1A0000000000000000000061 /* LoginView.swift */; };
		1A0000000000000000000062 /* ForgotPasswordView.swift in Sources */ = {isa = PBXBuildFile; fileRef = 1A0000000000000000000063 /* ForgotPasswordView.swift */; };
		1A0000000000000000000064 /* OnboardingWalkthroughView.swift in Sources */ = {isa = PBXBuildFile; fileRef = 1A0000000000000000000065 /* OnboardingWalkthroughView.swift */; };
		1A0000000000000000000066 /* AuthManager.swift in Sources */ = {isa = PBXBuildFile; fileRef = 1A0000000000000000000067 /* AuthManager.swift */; };
		1A0000000000000000000068 /* ConfettiView.swift in Sources */ = {isa = PBXBuildFile; fileRef = 1A0000000000000000000069 /* ConfettiView.swift */; };
/* End PBXBuildFile section */

/* Begin PBXFileReference section */
		1A0000000000000000000015 /* Trackr.app */ = {isa = PBXFileReference; explicitFileType = wrapper.application; includeInIndex = 0; path = Trackr.app; sourceTree = BUILT_PRODUCTS_DIR; };
		1A0000000000000000000002 /* TrackrApp.swift */ = {isa = PBXFileReference; lastKnownFileType = sourcecode.swift; path = TrackrApp.swift; sourceTree = "<group>"; };
		1A0000000000000000000004 /* ContentView.swift */ = {isa = PBXFileReference; lastKnownFileType = sourcecode.swift; path = ContentView.swift; sourceTree = "<group>"; };
		1A0000000000000000000006 /* GoalListView.swift */ = {isa = PBXFileReference; lastKnownFileType = sourcecode.swift; path = GoalListView.swift; sourceTree = "<group>"; };
		1A0000000000000000000008 /* GoalDetailView.swift */ = {isa = PBXFileReference; lastKnownFileType = sourcecode.swift; path = GoalDetailView.swift; sourceTree = "<group>"; };
		1A000000000000000000000A /* AddGoalView.swift */ = {isa = PBXFileReference; lastKnownFileType = sourcecode.swift; path = AddGoalView.swift; sourceTree = "<group>"; };
		1A000000000000000000000C /* Goal.swift */ = {isa = PBXFileReference; lastKnownFileType = sourcecode.swift; path = Goal.swift; sourceTree = "<group>"; };
		1A000000000000000000000E /* User.swift */ = {isa = PBXFileReference; lastKnownFileType = sourcecode.swift; path = User.swift; sourceTree = "<group>"; };
		1A0000000000000000000010 /* GoalStore.swift */ = {isa = PBXFileReference; lastKnownFileType = sourcecode.swift; path = GoalStore.swift; sourceTree = "<group>"; };
		1A0000000000000000000012 /* VintageColors.swift */ = {isa = PBXFileReference; lastKnownFileType = sourcecode.swift; path = VintageColors.swift; sourceTree = "<group>"; };
		1A0000000000000000000014 /* VintageStyle.swift */ = {isa = PBXFileReference; lastKnownFileType = sourcecode.swift; path = VintageStyle.swift; sourceTree = "<group>"; };
		1A0000000000000000000016 /* Assets.xcassets */ = {isa = PBXFileReference; lastKnownFileType = folder.assetcatalog; path = Assets.xcassets; sourceTree = "<group>"; };
		1A0000000000000000000017 /* Info.plist */ = {isa = PBXFileReference; lastKnownFileType = text.plist.xml; path = Info.plist; sourceTree = "<group>"; };
		1A000000000000000000002B /* Analytics.swift */ = {isa = PBXFileReference; lastKnownFileType = sourcecode.swift; path = Analytics.swift; sourceTree = "<group>"; };
		1A000000000000000000002D /* Leaderboard.swift */ = {isa = PBXFileReference; lastKnownFileType = sourcecode.swift; path = Leaderboard.swift; sourceTree = "<group>"; };
		1A000000000000000000002F /* DashboardView.swift */ = {isa = PBXFileReference; lastKnownFileType = sourcecode.swift; path = DashboardView.swift; sourceTree = "<group>"; };
		1A0000000000000000000031 /* LeaderboardView.swift */ = {isa = PBXFileReference; lastKnownFileType = sourcecode.swift; path = LeaderboardView.swift; sourceTree = "<group>"; };
		1A0000000000000000000033 /* MainTabView.swift */ = {isa = PBXFileReference; lastKnownFileType = sourcecode.swift; path = MainTabView.swift; sourceTree = "<group>"; };
		1A0000000000000000000035 /* AnimatedGoalCard.swift */ = {isa = PBXFileReference; lastKnownFileType = sourcecode.swift; path = AnimatedGoalCard.swift; sourceTree = "<group>"; };
		1A0000000000000000000037 /* OnboardingView.swift */ = {isa = PBXFileReference; lastKnownFileType = sourcecode.swift; path = OnboardingView.swift; sourceTree = "<group>"; };
		1A0000000000000000000039 /* ProfileView.swift */ = {isa = PBXFileReference; lastKnownFileType = sourcecode.swift; path = ProfileView.swift; sourceTree = "<group>"; };
		1A000000000000000000003B /* HomeView.swift */ = {isa = PBXFileReference; lastKnownFileType = sourcecode.swift; path = HomeView.swift; sourceTree = "<group>"; };
		1A000000000000000000003D /* FeedPost.swift */ = {isa = PBXFileReference; lastKnownFileType = sourcecode.swift; path = FeedPost.swift; sourceTree = "<group>"; };
		1A000000000000000000003F /* HapticManager.swift */ = {isa = PBXFileReference; lastKnownFileType = sourcecode.swift; path = HapticManager.swift; sourceTree = "<group>"; };
		1A0000000000000000000041 /* HomeViewModel.swift */ = {isa = PBXFileReference; lastKnownFileType = sourcecode.swift; path = HomeViewModel.swift; sourceTree = "<group>"; };
		1A0000000000000000000043 /* GoalsViewModel.swift */ = {isa = PBXFileReference; lastKnownFileType = sourcecode.swift; path = GoalsViewModel.swift; sourceTree = "<group>"; };
		1A0000000000000000000045 /* DashboardViewModel.swift */ = {isa = PBXFileReference; lastKnownFileType = sourcecode.swift; path = DashboardViewModel.swift; sourceTree = "<group>"; };
		1A0000000000000000000047 /* LeaderboardViewModel.swift */ = {isa = PBXFileReference; lastKnownFileType = sourcecode.swift; path = LeaderboardViewModel.swift; sourceTree = "<group>"; };
		1A0000000000000000000053 /* Post.swift */ = {isa = PBXFileReference; lastKnownFileType = sourcecode.swift; path = Post.swift; sourceTree = "<group>"; };
		1A000000000000000000004B /* HomeFeedViewModel.swift */ = {isa = PBXFileReference; lastKnownFileType = sourcecode.swift; path = HomeFeedViewModel.swift; sourceTree = "<group>"; };
		1A000000000000000000004D /* CreatePostView.swift */ = {isa = PBXFileReference; lastKnownFileType = sourcecode.swift; path = CreatePostView.swift; sourceTree = "<group>"; };
		1A000000000000000000004F /* HomeFeedView.swift */ = {isa = PBXFileReference; lastKnownFileType = sourcecode.swift; path = HomeFeedView.swift; sourceTree = "<group>"; };
		1A0000000000000000000051 /* SettingsView.swift */ = {isa = PBXFileReference; lastKnownFileType = sourcecode.swift; path = SettingsView.swift; sourceTree = "<group>"; };
		1A0000000000000000000057 /* Comment.swift */ = {isa = PBXFileReference; lastKnownFileType = sourcecode.swift; path = Comment.swift; sourceTree = "<group>"; };
		1A0000000000000000000059 /* FeedPostCardView.swift */ = {isa = PBXFileReference; lastKnownFileType = sourcecode.swift; path = FeedPostCardView.swift; sourceTree = "<group>"; };
		1A000000000000000000005B /* SearchView.swift */ = {isa = PBXFileReference; lastKnownFileType = sourcecode.swift; path = SearchView.swift; sourceTree = "<group>"; };
		1A000000000000000000005D /* LandingView.swift */ = {isa = PBXFileReference; lastKnownFileType = sourcecode.swift; path = "Auth/LandingView.swift"; sourceTree = "<group>"; };
		1A000000000000000000005F /* SignUpView.swift */ = {isa = PBXFileReference; lastKnownFileType = sourcecode.swift; path = "Auth/SignUpView.swift"; sourceTree = "<group>"; };
		1A0000000000000000000061 /* LoginView.swift */ = {isa = PBXFileReference; lastKnownFileType = sourcecode.swift; path = "Auth/LoginView.swift"; sourceTree = "<group>"; };
		1A0000000000000000000063 /* ForgotPasswordView.swift */ = {isa = PBXFileReference; lastKnownFileType = sourcecode.swift; path = "Auth/ForgotPasswordView.swift"; sourceTree = "<group>"; };
		1A0000000000000000000065 /* OnboardingWalkthroughView.swift */ = {isa = PBXFileReference; lastKnownFileType = sourcecode.swift; path = "Auth/OnboardingWalkthroughView.swift"; sourceTree = "<group>"; };
		1A0000000000000000000067 /* AuthManager.swift */ = {isa = PBXFileReference; lastKnownFileType = sourcecode.swift; path = "AuthManager.swift"; sourceTree = "<group>"; };
		1A0000000000000000000069 /* ConfettiView.swift */ = {isa = PBXFileReference; lastKnownFileType = sourcecode.swift; path = "ConfettiView.swift"; sourceTree = "<group>"; };
/* End PBXFileReference section */

/* Begin PBXFrameworksBuildPhase section */
		1A0000000000000000000018 /* Frameworks */ = {
			isa = PBXFrameworksBuildPhase;
			buildActionMask = 2147483647;
			files = (
			);
			runOnlyForDeploymentPostprocessing = 0;
		};
/* End PBXFrameworksBuildPhase section */

/* Begin PBXGroup section */
		1A0000000000000000000019 = {
			isa = PBXGroup;
			children = (
				1A000000000000000000001A /* Trackr */,
				1A000000000000000000001B /* Products */,
			);
			sourceTree = "<group>";
		};
		1A000000000000000000001A /* Trackr */ = {
			isa = PBXGroup;
			children = (
				1A0000000000000000000002 /* TrackrApp.swift */,
				1A000000000000000000001C /* Views */,
				1A000000000000000000001D /* Models */,
				1A000000000000000000001E /* Theme */,
				1A0000000000000000000048 /* ViewModels */,
				1A0000000000000000000049 /* Utilities */,
				1A0000000000000000000016 /* Assets.xcassets */,
				1A0000000000000000000017 /* Info.plist */,
			);
			path = Trackr;
			sourceTree = "<group>";
		};
		1A000000000000000000001B /* Products */ = {
			isa = PBXGroup;
			children = (
				1A0000000000000000000015 /* Trackr.app */,
			);
			name = Products;
			sourceTree = "<group>";
		};
		1A000000000000000000001C /* Views */ = {
			isa = PBXGroup;
			children = (
				1A0000000000000000000004 /* ContentView.swift */,
				1A0000000000000000000006 /* GoalListView.swift */,
				1A0000000000000000000008 /* GoalDetailView.swift */,
				1A000000000000000000000A /* AddGoalView.swift */,
				1A000000000000000000002F /* DashboardView.swift */,
				1A0000000000000000000031 /* LeaderboardView.swift */,
				1A0000000000000000000033 /* MainTabView.swift */,
				1A0000000000000000000035 /* AnimatedGoalCard.swift */,
				1A0000000000000000000037 /* OnboardingView.swift */,
				1A0000000000000000000039 /* ProfileView.swift */,
				1A000000000000000000003B /* HomeView.swift */,
				1A000000000000000000004F /* HomeFeedView.swift */,
				1A000000000000000000004D /* CreatePostView.swift */,
				1A0000000000000000000051 /* SettingsView.swift */,
				1A0000000000000000000059 /* FeedPostCardView.swift */,
				1A000000000000000000005B /* SearchView.swift */,
				1A000000000000000000005D /* LandingView.swift */,
				1A000000000000000000005F /* SignUpView.swift */,
				1A0000000000000000000061 /* LoginView.swift */,
				1A0000000000000000000063 /* ForgotPasswordView.swift */,
				1A0000000000000000000065 /* OnboardingWalkthroughView.swift */,
			);
			path = Views;
			sourceTree = "<group>";
		};
		1A000000000000000000001D /* Models */ = {
			isa = PBXGroup;
			children = (
				1A000000000000000000000C /* Goal.swift */,
				1A000000000000000000000E /* User.swift */,
				1A0000000000000000000010 /* GoalStore.swift */,
				1A000000000000000000002B /* Analytics.swift */,
				1A000000000000000000002D /* Leaderboard.swift */,
				1A000000000000000000003D /* FeedPost.swift */,
				1A0000000000000000000053 /* Post.swift */,
				1A0000000000000000000057 /* Comment.swift */,
			);
			path = Models;
			sourceTree = "<group>";
		};
		1A0000000000000000000048 /* ViewModels */ = {
			isa = PBXGroup;
			children = (
				1A0000000000000000000041 /* HomeViewModel.swift */,
				1A0000000000000000000043 /* GoalsViewModel.swift */,
				1A0000000000000000000045 /* DashboardViewModel.swift */,
				1A0000000000000000000047 /* LeaderboardViewModel.swift */,
				1A000000000000000000004B /* HomeFeedViewModel.swift */,
			);
			path = ViewModels;
			sourceTree = "<group>";
		};
		1A0000000000000000000049 /* Utilities */ = {
			isa = PBXGroup;
			children = (
				1A000000000000000000003F /* HapticManager.swift */,
				1A0000000000000000000067 /* AuthManager.swift */,
				1A0000000000000000000069 /* ConfettiView.swift */,
			);
			path = Utilities;
			sourceTree = "<group>";
		};
		1A000000000000000000001E /* Theme */ = {
			isa = PBXGroup;
			children = (
				1A0000000000000000000012 /* VintageColors.swift */,
				1A0000000000000000000014 /* VintageStyle.swift */,
			);
			path = Theme;
			sourceTree = "<group>";
		};
/* End PBXGroup section */

/* Begin PBXNativeTarget section */
		1A000000000000000000001F /* Trackr */ = {
			isa = PBXNativeTarget;
			buildConfigurationList = 1A0000000000000000000020 /* Build configuration list for PBXNativeTarget "Trackr" */;
			buildPhases = (
				1A0000000000000000000021 /* Sources */,
				1A0000000000000000000018 /* Frameworks */,
				1A0000000000000000000022 /* Resources */,
			);
			buildRules = (
			);
			dependencies = (
			);
			name = Trackr;
			productName = Trackr;
			productReference = 1A0000000000000000000015 /* Trackr.app */;
			productType = "com.apple.product-type.application";
		};
/* End PBXNativeTarget section */

/* Begin PBXProject section */
		1A0000000000000000000023 /* Project object */ = {
			isa = PBXProject;
			attributes = {
				BuildIndependentTargetsInParallel = 1;
				LastSwiftUpdateCheck = 1600;
				LastUpgradeCheck = 1600;
				TargetAttributes = {
					1A000000000000000000001F = {
						CreatedOnToolsVersion = 16.0;
					};
				};
			};
			buildConfigurationList = 1A0000000000000000000024 /* Build configuration list for PBXProject "Trackr" */;
			compatibilityVersion = "Xcode 14.0";
			developmentRegion = en;
			hasScannedForEncodings = 0;
			knownRegions = (
				en,
				Base,
			);
			mainGroup = 1A0000000000000000000019;
			productRefGroup = 1A000000000000000000001B /* Products */;
			projectDirPath = "";
			projectRoot = "";
			targets = (
				1A000000000000000000001F /* Trackr */,
			);
		};
/* End PBXProject section */

/* Begin PBXResourcesBuildPhase section */
		1A0000000000000000000022 /* Resources */ = {
			isa = PBXResourcesBuildPhase;
			buildActionMask = 2147483647;
			files = (
				1A0000000000000000000025 /* Assets.xcassets in Resources */,
			);
			runOnlyForDeploymentPostprocessing = 0;
		};
/* End PBXResourcesBuildPhase section */

/* Begin PBXSourcesBuildPhase section */
		1A0000000000000000000021 /* Sources */ = {
			isa = PBXSourcesBuildPhase;
			buildActionMask = 2147483647;
			files = (
				1A0000000000000000000001 /* TrackrApp.swift in Sources */,
				1A0000000000000000000003 /* ContentView.swift in Sources */,
				1A0000000000000000000005 /* GoalListView.swift in Sources */,
				1A0000000000000000000007 /* GoalDetailView.swift in Sources */,
				1A0000000000000000000009 /* AddGoalView.swift in Sources */,
				1A000000000000000000000B /* Goal.swift in Sources */,
				1A000000000000000000000D /* User.swift in Sources */,
				1A000000000000000000000F /* GoalStore.swift in Sources */,
				1A0000000000000000000011 /* VintageColors.swift in Sources */,
				1A0000000000000000000013 /* VintageStyle.swift in Sources */,
				1A000000000000000000002A /* Analytics.swift in Sources */,
				1A000000000000000000002C /* Leaderboard.swift in Sources */,
				1A000000000000000000002E /* DashboardView.swift in Sources */,
				1A0000000000000000000030 /* LeaderboardView.swift in Sources */,
				1A0000000000000000000032 /* MainTabView.swift in Sources */,
				1A0000000000000000000034 /* AnimatedGoalCard.swift in Sources */,
				1A0000000000000000000036 /* OnboardingView.swift in Sources */,
				1A0000000000000000000038 /* ProfileView.swift in Sources */,
				1A000000000000000000003A /* HomeView.swift in Sources */,
				1A000000000000000000003C /* FeedPost.swift in Sources */,
				1A000000000000000000003E /* HapticManager.swift in Sources */,
				1A0000000000000000000040 /* HomeViewModel.swift in Sources */,
				1A0000000000000000000042 /* GoalsViewModel.swift in Sources */,
				1A0000000000000000000044 /* DashboardViewModel.swift in Sources */,
				1A0000000000000000000046 /* LeaderboardViewModel.swift in Sources */,
				1A0000000000000000000052 /* Post.swift in Sources */,
				1A000000000000000000004A /* HomeFeedViewModel.swift in Sources */,
				1A000000000000000000004C /* CreatePostView.swift in Sources */,
				1A000000000000000000004E /* HomeFeedView.swift in Sources */,
				1A0000000000000000000050 /* SettingsView.swift in Sources */,
				1A0000000000000000000056 /* Comment.swift in Sources */,
				1A0000000000000000000058 /* FeedPostCardView.swift in Sources */,
				1A000000000000000000005A /* SearchView.swift in Sources */,
				1A000000000000000000005C /* LandingView.swift in Sources */,
				1A000000000000000000005E /* SignUpView.swift in Sources */,
				1A0000000000000000000060 /* LoginView.swift in Sources */,
				1A0000000000000000000062 /* ForgotPasswordView.swift in Sources */,
				1A0000000000000000000064 /* OnboardingWalkthroughView.swift in Sources */,
				1A0000000000000000000066 /* AuthManager.swift in Sources */,
				1A0000000000000000000068 /* ConfettiView.swift in Sources */,
			);
			runOnlyForDeploymentPostprocessing = 0;
		};
/* End PBXSourcesBuildPhase section */

/* Begin XCBuildConfiguration section */
		1A0000000000000000000026 /* Debug */ = {
			isa = XCBuildConfiguration;
			buildSettings = {
				ALWAYS_SEARCH_USER_PATHS = NO;
				ASSETCATALOG_COMPILER_GENERATE_SWIFT_ASSET_SYMBOL_EXTENSIONS = YES;
				CLANG_ANALYZER_NONNULL = YES;
				CLANG_ANALYZER_NUMBER_OBJECT_CONVERSION = YES_AGGRESSIVE;
				CLANG_CXX_LANGUAGE_STANDARD = "gnu++20";
				CLANG_ENABLE_MODULES = YES;
				CLANG_ENABLE_OBJC_ARC = YES;
				CLANG_ENABLE_OBJC_WEAK = YES;
				CLANG_WARN_BLOCK_CAPTURE_AUTORELEASING = YES;
				CLANG_WARN_BOOL_CONVERSION = YES;
				CLANG_WARN_COMMA = YES;
				CLANG_WARN_CONSTANT_CONVERSION = YES;
				CLANG_WARN_DEPRECATED_OBJC_IMPLEMENTATIONS = YES;
				CLANG_WARN_DIRECT_OBJC_ISA_USAGE = YES_ERROR;
				CLANG_WARN_DOCUMENTATION_COMMENTS = YES;
				CLANG_WARN_EMPTY_BODY = YES;
				CLANG_WARN_ENUM_CONVERSION = YES;
				CLANG_WARN_INFINITE_RECURSION = YES;
				CLANG_WARN_INT_CONVERSION = YES;
				CLANG_WARN_NON_LITERAL_NULL_CONVERSION = YES;
				CLANG_WARN_OBJC_IMPLICIT_RETAIN_SELF = YES;
				CLANG_WARN_OBJC_LITERAL_CONVERSION = YES;
				CLANG_WARN_OBJC_ROOT_CLASS = YES_ERROR;
				CLANG_WARN_QUOTED_INCLUDE_IN_FRAMEWORK_HEADER = YES;
				CLANG_WARN_RANGE_LOOP_ANALYSIS = YES;
				CLANG_WARN_STRICT_PROTOTYPES = YES;
				CLANG_WARN_SUSPICIOUS_MOVE = YES;
				CLANG_WARN_UNGUARDED_AVAILABILITY = YES_AGGRESSIVE;
				CLANG_WARN_UNREACHABLE_CODE = YES;
				CLANG_WARN__DUPLICATE_METHOD_MATCH = YES;
				COPY_PHASE_STRIP = NO;
				DEBUG_INFORMATION_FORMAT = dwarf;
				ENABLE_STRICT_OBJC_MSGSEND = YES;
				ENABLE_TESTABILITY = YES;
				ENABLE_USER_SCRIPT_SANDBOXING = YES;
				GCC_C_LANGUAGE_STANDARD = gnu17;
				GCC_DYNAMIC_NO_PIC = NO;
				GCC_NO_COMMON_BLOCKS = YES;
				GCC_OPTIMIZATION_LEVEL = 0;
				GCC_PREPROCESSOR_DEFINITIONS = (
					"DEBUG=1",
					"$(inherited)",
				);
				GCC_WARN_64_TO_32_BIT_CONVERSION = YES;
				GCC_WARN_ABOUT_RETURN_TYPE = YES_ERROR;
				GCC_WARN_UNDECLARED_SELECTOR = YES;
				GCC_WARN_UNINITIALIZED_AUTOS = YES_AGGRESSIVE;
				GCC_WARN_UNUSED_FUNCTION = YES;
				GCC_WARN_UNUSED_VARIABLE = YES;
				IPHONEOS_DEPLOYMENT_TARGET = 17.0;
				LOCALIZATION_PREFERS_STRING_CATALOGS = YES;
				MTL_ENABLE_DEBUG_INFO = INCLUDE_SOURCE;
				MTL_FAST_MATH = YES;
				ONLY_ACTIVE_ARCH = YES;
				SDKROOT = iphoneos;
				SWIFT_ACTIVE_COMPILATION_CONDITIONS = "DEBUG $(inherited)";
				SWIFT_OPTIMIZATION_LEVEL = "-Onone";
			};
			name = Debug;
		};
		1A0000000000000000000027 /* Release */ = {
			isa = XCBuildConfiguration;
			buildSettings = {
				ALWAYS_SEARCH_USER_PATHS = NO;
				ASSETCATALOG_COMPILER_GENERATE_SWIFT_ASSET_SYMBOL_EXTENSIONS = YES;
				CLANG_ANALYZER_NONNULL = YES;
				CLANG_ANALYZER_NUMBER_OBJECT_CONVERSION = YES_AGGRESSIVE;
				CLANG_CXX_LANGUAGE_STANDARD = "gnu++20";
				CLANG_ENABLE_MODULES = YES;
				CLANG_ENABLE_OBJC_ARC = YES;
				CLANG_ENABLE_OBJC_WEAK = YES;
				CLANG_WARN_BLOCK_CAPTURE_AUTORELEASING = YES;
				CLANG_WARN_BOOL_CONVERSION = YES;
				CLANG_WARN_COMMA = YES;
				CLANG_WARN_CONSTANT_CONVERSION = YES;
				CLANG_WARN_DEPRECATED_OBJC_IMPLEMENTATIONS = YES;
				CLANG_WARN_DIRECT_OBJC_ISA_USAGE = YES_ERROR;
				CLANG_WARN_DOCUMENTATION_COMMENTS = YES;
				CLANG_WARN_EMPTY_BODY = YES;
				CLANG_WARN_ENUM_CONVERSION = YES;
				CLANG_WARN_INFINITE_RECURSION = YES;
				CLANG_WARN_INT_CONVERSION = YES;
				CLANG_WARN_NON_LITERAL_NULL_CONVERSION = YES;
				CLANG_WARN_OBJC_IMPLICIT_RETAIN_SELF = YES;
				CLANG_WARN_OBJC_LITERAL_CONVERSION = YES;
				CLANG_WARN_OBJC_ROOT_CLASS = YES_ERROR;
				CLANG_WARN_QUOTED_INCLUDE_IN_FRAMEWORK_HEADER = YES;
				CLANG_WARN_RANGE_LOOP_ANALYSIS = YES;
				CLANG_WARN_STRICT_PROTOTYPES = YES;
				CLANG_WARN_SUSPICIOUS_MOVE = YES;
				CLANG_WARN_UNGUARDED_AVAILABILITY = YES_AGGRESSIVE;
				CLANG_WARN_UNREACHABLE_CODE = YES;
				CLANG_WARN__DUPLICATE_METHOD_MATCH = YES;
				COPY_PHASE_STRIP = NO;
				DEBUG_INFORMATION_FORMAT = "dwarf-with-dsym";
				ENABLE_NS_ASSERTIONS = NO;
				ENABLE_STRICT_OBJC_MSGSEND = YES;
				ENABLE_USER_SCRIPT_SANDBOXING = YES;
				GCC_C_LANGUAGE_STANDARD = gnu17;
				GCC_NO_COMMON_BLOCKS = YES;
				GCC_WARN_64_TO_32_BIT_CONVERSION = YES;
				GCC_WARN_ABOUT_RETURN_TYPE = YES_ERROR;
				GCC_WARN_UNDECLARED_SELECTOR = YES;
				GCC_WARN_UNINITIALIZED_AUTOS = YES_AGGRESSIVE;
				GCC_WARN_UNUSED_FUNCTION = YES;
				GCC_WARN_UNUSED_VARIABLE = YES;
				IPHONEOS_DEPLOYMENT_TARGET = 17.0;
				LOCALIZATION_PREFERS_STRING_CATALOGS = YES;
				MTL_ENABLE_DEBUG_INFO = NO;
				MTL_FAST_MATH = YES;
				SDKROOT = iphoneos;
				SWIFT_COMPILATION_MODE = wholemodule;
				VALIDATE_PRODUCT = YES;
			};
			name = Release;
		};
		1A0000000000000000000028 /* Debug */ = {
			isa = XCBuildConfiguration;
			buildSettings = {
				ASSETCATALOG_COMPILER_APPICON_NAME = AppIcon;
				ASSETCATALOG_COMPILER_GLOBAL_ACCENT_COLOR_NAME = AccentColor;
				CODE_SIGN_STYLE = Automatic;
				CURRENT_PROJECT_VERSION = 1;
				DEVELOPMENT_TEAM = "";
				GENERATE_INFOPLIST_FILE = NO;
				INFOPLIST_FILE = Info.plist;
				INFOPLIST_KEY_UIApplicationSceneManifest_Generation = YES;
				INFOPLIST_KEY_UIApplicationSupportsIndirectInputEvents = YES;
				INFOPLIST_KEY_UILaunchScreen_Generation = YES;
				INFOPLIST_KEY_UISupportedInterfaceOrientations_iPad = "UIInterfaceOrientationPortrait UIInterfaceOrientationPortraitUpsideDown UIInterfaceOrientationLandscapeLeft UIInterfaceOrientationLandscapeRight";
				INFOPLIST_KEY_UISupportedInterfaceOrientations_iPhone = "UIInterfaceOrientationPortrait UIInterfaceOrientationLandscapeLeft UIInterfaceOrientationLandscapeRight";
				IPHONEOS_DEPLOYMENT_TARGET = 17.0;
				LD_RUNPATH_SEARCH_PATHS = (
					"$(inherited)",
					"@executable_path/Frameworks",
				);
				MARKETING_VERSION = 1.0;
				PRODUCT_BUNDLE_IDENTIFIER = com.trackr.Trackr;
				PRODUCT_NAME = "$(TARGET_NAME)";
				SWIFT_EMIT_LOC_STRINGS = YES;
				SWIFT_VERSION = 5.0;
				TARGETED_DEVICE_FAMILY = "1,2";
			};
			name = Debug;
		};
		1A0000000000000000000029 /* Release */ = {
			isa = XCBuildConfiguration;
			buildSettings = {
				ASSETCATALOG_COMPILER_APPICON_NAME = AppIcon;
				ASSETCATALOG_COMPILER_GLOBAL_ACCENT_COLOR_NAME = AccentColor;
				CODE_SIGN_STYLE = Automatic;
				CURRENT_PROJECT_VERSION = 1;
				DEVELOPMENT_TEAM = "";
				GENERATE_INFOPLIST_FILE = NO;
				INFOPLIST_FILE = Info.plist;
				INFOPLIST_KEY_UIApplicationSceneManifest_Generation = YES;
				INFOPLIST_KEY_UIApplicationSupportsIndirectInputEvents = YES;
				INFOPLIST_KEY_UILaunchScreen_Generation = YES;
				INFOPLIST_KEY_UISupportedInterfaceOrientations_iPad = "UIInterfaceOrientationPortrait UIInterfaceOrientationPortraitUpsideDown UIInterfaceOrientationLandscapeLeft UIInterfaceOrientationLandscapeRight";
				INFOPLIST_KEY_UISupportedInterfaceOrientations_iPhone = "UIInterfaceOrientationPortrait UIInterfaceOrientationLandscapeLeft UIInterfaceOrientationLandscapeRight";
				IPHONEOS_DEPLOYMENT_TARGET = 17.0;
				LD_RUNPATH_SEARCH_PATHS = (
					"$(inherited)",
					"@executable_path/Frameworks",
				);
				MARKETING_VERSION = 1.0;
				PRODUCT_BUNDLE_IDENTIFIER = com.trackr.Trackr;
				PRODUCT_NAME = "$(TARGET_NAME)";
				SWIFT_EMIT_LOC_STRINGS = YES;
				SWIFT_VERSION = 5.0;
				TARGETED_DEVICE_FAMILY = "1,2";
			};
			name = Release;
		};
/* End XCBuildConfiguration section */

/* Begin XCConfigurationList section */
		1A0000000000000000000020 /* Build configuration list for PBXNativeTarget "Trackr" */ = {
			isa = XCConfigurationList;
			buildConfigurations = (
				1A0000000000000000000028 /* Debug */,
				1A0000000000000000000029 /* Release */,
			);
			defaultConfigurationIsVisible = 0;
			defaultConfigurationName = Release;
		};
		1A0000000000000000000024 /* Build configuration list for PBXProject "Trackr" */ = {
			isa = XCConfigurationList;
			buildConfigurations = (
				1A0000000000000000000026 /* Debug */,
				1A0000000000000000000027 /* Release */,
			);
			defaultConfigurationIsVisible = 0;
			defaultConfigurationName = Release;
		};
/* End XCConfigurationList section */
	};
	rootObject = 1A0000000000000000000023 /* Project object */;
}

